
Microsoft Visual Studio Solution File, Format Version 11.00
# Visual Studio 2010
Project("{8BC9CEB8-8B4A-11D0-8D11-00A0C91BC942}") = "VChatApp", "VChatApp.vcxproj", "{A0A8FCC8-DA2B-4BF1-852E-F3D1BDA94A39}"
EndProject
Project("{8BC9CEB8-8B4A-11D0-8D11-00A0C91BC942}") = "VChatLib", "..\VChatLib\VChatLib.vcxproj", "{C8002CE9-C855-46E6-B102-72E44F723236}"
EndProject
Project("{8BC9CEB8-8B4A-11D0-8D11-00A0C91BC942}") = "VNetWork", "..\VNetWork\VNetWork.vcxproj", "{43023FA4-C7C9-40FB-80C7-FE6DE3C7F7CA}"
EndProject
Global
	GlobalSection(SolutionConfigurationPlatforms) = preSolution
		Debug|Win32 = Debug|Win32
		Debug|x64 = Debug|x64
		Debug64MT|Win32 = Debug64MT|Win32
		Debug64MT|x64 = Debug64MT|x64
		DeBugChat|Win32 = DeBugChat|Win32
		DeBugChat|x64 = DeBugChat|x64
		DebugGame|Win32 = DebugGame|Win32
		DebugGame|x64 = DebugGame|x64
		DebugGameServer|Win32 = DebugGameServer|Win32
		DebugGameServer|x64 = DebugGameServer|x64
		DeBugLobby|Win32 = DeBugLobby|Win32
		DeBugLobby|x64 = DeBugLobby|x64
		DebugRoleDB|Win32 = DebugRoleDB|Win32
		DebugRoleDB|x64 = DebugRoleDB|x64
		Release|Win32 = Release|Win32
		Release|x64 = Release|x64
		Release64|Win32 = Release64|Win32
		Release64|x64 = Release64|x64
		Release64MT|Win32 = Release64MT|Win32
		Release64MT|x64 = Release64MT|x64
		ReleaseMT_Chat|Win32 = ReleaseMT_Chat|Win32
		ReleaseMT_Chat|x64 = ReleaseMT_Chat|x64
		ReleaseMT_GS|Win32 = ReleaseMT_GS|Win32
		ReleaseMT_GS|x64 = ReleaseMT_GS|x64
		ReleaseMT_Lobby|Win32 = ReleaseMT_Lobby|Win32
		ReleaseMT_Lobby|x64 = ReleaseMT_Lobby|x64
		ReleaseMT|Win32 = ReleaseMT|Win32
		ReleaseMT|x64 = ReleaseMT|x64
	EndGlobalSection
	GlobalSection(ProjectConfigurationPlatforms) = postSolution
		{A0A8FCC8-DA2B-4BF1-852E-F3D1BDA94A39}.Debug|Win32.ActiveCfg = Debug|Win32
		{A0A8FCC8-DA2B-4BF1-852E-F3D1BDA94A39}.Debug|Win32.Build.0 = Debug|Win32
		{A0A8FCC8-DA2B-4BF1-852E-F3D1BDA94A39}.Debug|x64.ActiveCfg = Debug|Win32
		{A0A8FCC8-DA2B-4BF1-852E-F3D1BDA94A39}.Debug64MT|Win32.ActiveCfg = Debug|Win32
		{A0A8FCC8-DA2B-4BF1-852E-F3D1BDA94A39}.Debug64MT|Win32.Build.0 = Debug|Win32
		{A0A8FCC8-DA2B-4BF1-852E-F3D1BDA94A39}.Debug64MT|x64.ActiveCfg = Debug|Win32
		{A0A8FCC8-DA2B-4BF1-852E-F3D1BDA94A39}.DeBugChat|Win32.ActiveCfg = Debug|Win32
		{A0A8FCC8-DA2B-4BF1-852E-F3D1BDA94A39}.DeBugChat|Win32.Build.0 = Debug|Win32
		{A0A8FCC8-DA2B-4BF1-852E-F3D1BDA94A39}.DeBugChat|x64.ActiveCfg = Debug|Win32
		{A0A8FCC8-DA2B-4BF1-852E-F3D1BDA94A39}.DebugGame|Win32.ActiveCfg = Debug|Win32
		{A0A8FCC8-DA2B-4BF1-852E-F3D1BDA94A39}.DebugGame|Win32.Build.0 = Debug|Win32
		{A0A8FCC8-DA2B-4BF1-852E-F3D1BDA94A39}.DebugGame|x64.ActiveCfg = Debug|Win32
		{A0A8FCC8-DA2B-4BF1-852E-F3D1BDA94A39}.DebugGameServer|Win32.ActiveCfg = Debug|Win32
		{A0A8FCC8-DA2B-4BF1-852E-F3D1BDA94A39}.DebugGameServer|Win32.Build.0 = Debug|Win32
		{A0A8FCC8-DA2B-4BF1-852E-F3D1BDA94A39}.DebugGameServer|x64.ActiveCfg = Debug|Win32
		{A0A8FCC8-DA2B-4BF1-852E-F3D1BDA94A39}.DeBugLobby|Win32.ActiveCfg = Debug|Win32
		{A0A8FCC8-DA2B-4BF1-852E-F3D1BDA94A39}.DeBugLobby|Win32.Build.0 = Debug|Win32
		{A0A8FCC8-DA2B-4BF1-852E-F3D1BDA94A39}.DeBugLobby|x64.ActiveCfg = Debug|Win32
		{A0A8FCC8-DA2B-4BF1-852E-F3D1BDA94A39}.DebugRoleDB|Win32.ActiveCfg = Debug|Win32
		{A0A8FCC8-DA2B-4BF1-852E-F3D1BDA94A39}.DebugRoleDB|Win32.Build.0 = Debug|Win32
		{A0A8FCC8-DA2B-4BF1-852E-F3D1BDA94A39}.DebugRoleDB|x64.ActiveCfg = Debug|Win32
		{A0A8FCC8-DA2B-4BF1-852E-F3D1BDA94A39}.Release|Win32.ActiveCfg = Release|Win32
		{A0A8FCC8-DA2B-4BF1-852E-F3D1BDA94A39}.Release|Win32.Build.0 = Release|Win32
		{A0A8FCC8-DA2B-4BF1-852E-F3D1BDA94A39}.Release|x64.ActiveCfg = Release|Win32
		{A0A8FCC8-DA2B-4BF1-852E-F3D1BDA94A39}.Release64|Win32.ActiveCfg = Release|Win32
		{A0A8FCC8-DA2B-4BF1-852E-F3D1BDA94A39}.Release64|Win32.Build.0 = Release|Win32
		{A0A8FCC8-DA2B-4BF1-852E-F3D1BDA94A39}.Release64|x64.ActiveCfg = Release|Win32
		{A0A8FCC8-DA2B-4BF1-852E-F3D1BDA94A39}.Release64MT|Win32.ActiveCfg = Release|Win32
		{A0A8FCC8-DA2B-4BF1-852E-F3D1BDA94A39}.Release64MT|Win32.Build.0 = Release|Win32
		{A0A8FCC8-DA2B-4BF1-852E-F3D1BDA94A39}.Release64MT|x64.ActiveCfg = Release|Win32
		{A0A8FCC8-DA2B-4BF1-852E-F3D1BDA94A39}.ReleaseMT_Chat|Win32.ActiveCfg = Release|Win32
		{A0A8FCC8-DA2B-4BF1-852E-F3D1BDA94A39}.ReleaseMT_Chat|Win32.Build.0 = Release|Win32
		{A0A8FCC8-DA2B-4BF1-852E-F3D1BDA94A39}.ReleaseMT_Chat|x64.ActiveCfg = Release|Win32
		{A0A8FCC8-DA2B-4BF1-852E-F3D1BDA94A39}.ReleaseMT_GS|Win32.ActiveCfg = Release|Win32
		{A0A8FCC8-DA2B-4BF1-852E-F3D1BDA94A39}.ReleaseMT_GS|Win32.Build.0 = Release|Win32
		{A0A8FCC8-DA2B-4BF1-852E-F3D1BDA94A39}.ReleaseMT_GS|x64.ActiveCfg = Release|Win32
		{A0A8FCC8-DA2B-4BF1-852E-F3D1BDA94A39}.ReleaseMT_Lobby|Win32.ActiveCfg = Release|Win32
		{A0A8FCC8-DA2B-4BF1-852E-F3D1BDA94A39}.ReleaseMT_Lobby|Win32.Build.0 = Release|Win32
		{A0A8FCC8-DA2B-4BF1-852E-F3D1BDA94A39}.ReleaseMT_Lobby|x64.ActiveCfg = Release|Win32
		{A0A8FCC8-DA2B-4BF1-852E-F3D1BDA94A39}.ReleaseMT|Win32.ActiveCfg = Release|Win32
		{A0A8FCC8-DA2B-4BF1-852E-F3D1BDA94A39}.ReleaseMT|Win32.Build.0 = Release|Win32
		{A0A8FCC8-DA2B-4BF1-852E-F3D1BDA94A39}.ReleaseMT|x64.ActiveCfg = Release|Win32
		{C8002CE9-C855-46E6-B102-72E44F723236}.Debug|Win32.ActiveCfg = Debug|Win32
		{C8002CE9-C855-46E6-B102-72E44F723236}.Debug|Win32.Build.0 = Debug|Win32
		{C8002CE9-C855-46E6-B102-72E44F723236}.Debug|x64.ActiveCfg = Debug|Win32
		{C8002CE9-C855-46E6-B102-72E44F723236}.Debug64MT|Win32.ActiveCfg = Debug|Win32
		{C8002CE9-C855-46E6-B102-72E44F723236}.Debug64MT|Win32.Build.0 = Debug|Win32
		{C8002CE9-C855-46E6-B102-72E44F723236}.Debug64MT|x64.ActiveCfg = Debug|Win32
		{C8002CE9-C855-46E6-B102-72E44F723236}.DeBugChat|Win32.ActiveCfg = Debug|Win32
		{C8002CE9-C855-46E6-B102-72E44F723236}.DeBugChat|Win32.Build.0 = Debug|Win32
		{C8002CE9-C855-46E6-B102-72E44F723236}.DeBugChat|x64.ActiveCfg = Debug|Win32
		{C8002CE9-C855-46E6-B102-72E44F723236}.DebugGame|Win32.ActiveCfg = Debug|Win32
		{C8002CE9-C855-46E6-B102-72E44F723236}.DebugGame|Win32.Build.0 = Debug|Win32
		{C8002CE9-C855-46E6-B102-72E44F723236}.DebugGame|x64.ActiveCfg = Debug|Win32
		{C8002CE9-C855-46E6-B102-72E44F723236}.DebugGameServer|Win32.ActiveCfg = Debug|Win32
		{C8002CE9-C855-46E6-B102-72E44F723236}.DebugGameServer|Win32.Build.0 = Debug|Win32
		{C8002CE9-C855-46E6-B102-72E44F723236}.DebugGameServer|x64.ActiveCfg = Debug|Win32
		{C8002CE9-C855-46E6-B102-72E44F723236}.DeBugLobby|Win32.ActiveCfg = Debug|Win32
		{C8002CE9-C855-46E6-B102-72E44F723236}.DeBugLobby|Win32.Build.0 = Debug|Win32
		{C8002CE9-C855-46E6-B102-72E44F723236}.DeBugLobby|x64.ActiveCfg = Debug|Win32
		{C8002CE9-C855-46E6-B102-72E44F723236}.DebugRoleDB|Win32.ActiveCfg = Debug|Win32
		{C8002CE9-C855-46E6-B102-72E44F723236}.DebugRoleDB|Win32.Build.0 = Debug|Win32
		{C8002CE9-C855-46E6-B102-72E44F723236}.DebugRoleDB|x64.ActiveCfg = Debug|Win32
		{C8002CE9-C855-46E6-B102-72E44F723236}.Release|Win32.ActiveCfg = Release|Win32
		{C8002CE9-C855-46E6-B102-72E44F723236}.Release|Win32.Build.0 = Release|Win32
		{C8002CE9-C855-46E6-B102-72E44F723236}.Release|x64.ActiveCfg = Release|Win32
		{C8002CE9-C855-46E6-B102-72E44F723236}.Release64|Win32.ActiveCfg = Release|Win32
		{C8002CE9-C855-46E6-B102-72E44F723236}.Release64|Win32.Build.0 = Release|Win32
		{C8002CE9-C855-46E6-B102-72E44F723236}.Release64|x64.ActiveCfg = Release|Win32
		{C8002CE9-C855-46E6-B102-72E44F723236}.Release64MT|Win32.ActiveCfg = Release|Win32
		{C8002CE9-C855-46E6-B102-72E44F723236}.Release64MT|Win32.Build.0 = Release|Win32
		{C8002CE9-C855-46E6-B102-72E44F723236}.Release64MT|x64.ActiveCfg = Release|Win32
		{C8002CE9-C855-46E6-B102-72E44F723236}.ReleaseMT_Chat|Win32.ActiveCfg = ReleaseMT|Win32
		{C8002CE9-C855-46E6-B102-72E44F723236}.ReleaseMT_Chat|Win32.Build.0 = ReleaseMT|Win32
		{C8002CE9-C855-46E6-B102-72E44F723236}.ReleaseMT_Chat|x64.ActiveCfg = ReleaseMT|Win32
		{C8002CE9-C855-46E6-B102-72E44F723236}.ReleaseMT_GS|Win32.ActiveCfg = ReleaseMT|Win32
		{C8002CE9-C855-46E6-B102-72E44F723236}.ReleaseMT_GS|Win32.Build.0 = ReleaseMT|Win32
		{C8002CE9-C855-46E6-B102-72E44F723236}.ReleaseMT_GS|x64.ActiveCfg = ReleaseMT|Win32
		{C8002CE9-C855-46E6-B102-72E44F723236}.ReleaseMT_Lobby|Win32.ActiveCfg = ReleaseMT|Win32
		{C8002CE9-C855-46E6-B102-72E44F723236}.ReleaseMT_Lobby|Win32.Build.0 = ReleaseMT|Win32
		{C8002CE9-C855-46E6-B102-72E44F723236}.ReleaseMT_Lobby|x64.ActiveCfg = ReleaseMT|Win32
		{C8002CE9-C855-46E6-B102-72E44F723236}.ReleaseMT|Win32.ActiveCfg = ReleaseMT|Win32
		{C8002CE9-C855-46E6-B102-72E44F723236}.ReleaseMT|Win32.Build.0 = ReleaseMT|Win32
		{C8002CE9-C855-46E6-B102-72E44F723236}.ReleaseMT|x64.ActiveCfg = Release|Win32
		{43023FA4-C7C9-40FB-80C7-FE6DE3C7F7CA}.Debug|Win32.ActiveCfg = Debug|Win32
		{43023FA4-C7C9-40FB-80C7-FE6DE3C7F7CA}.Debug|Win32.Build.0 = Debug|Win32
		{43023FA4-C7C9-40FB-80C7-FE6DE3C7F7CA}.Debug|x64.ActiveCfg = Debug|x64
		{43023FA4-C7C9-40FB-80C7-FE6DE3C7F7CA}.Debug|x64.Build.0 = Debug|x64
		{43023FA4-C7C9-40FB-80C7-FE6DE3C7F7CA}.Debug64MT|Win32.ActiveCfg = DeBugChat|x64
		{43023FA4-C7C9-40FB-80C7-FE6DE3C7F7CA}.Debug64MT|x64.ActiveCfg = DeBugChat|x64
		{43023FA4-C7C9-40FB-80C7-FE6DE3C7F7CA}.Debug64MT|x64.Build.0 = DeBugChat|x64
		{43023FA4-C7C9-40FB-80C7-FE6DE3C7F7CA}.DeBugChat|Win32.ActiveCfg = DeBugChat|Win32
		{43023FA4-C7C9-40FB-80C7-FE6DE3C7F7CA}.DeBugChat|Win32.Build.0 = DeBugChat|Win32
		{43023FA4-C7C9-40FB-80C7-FE6DE3C7F7CA}.DeBugChat|x64.ActiveCfg = DeBugChat|x64
		{43023FA4-C7C9-40FB-80C7-FE6DE3C7F7CA}.DeBugChat|x64.Build.0 = DeBugChat|x64
		{43023FA4-C7C9-40FB-80C7-FE6DE3C7F7CA}.DebugGame|Win32.ActiveCfg = DebugGame|Win32
		{43023FA4-C7C9-40FB-80C7-FE6DE3C7F7CA}.DebugGame|Win32.Build.0 = DebugGame|Win32
		{43023FA4-C7C9-40FB-80C7-FE6DE3C7F7CA}.DebugGame|x64.ActiveCfg = DebugGame|x64
		{43023FA4-C7C9-40FB-80C7-FE6DE3C7F7CA}.DebugGame|x64.Build.0 = DebugGame|x64
		{43023FA4-C7C9-40FB-80C7-FE6DE3C7F7CA}.DebugGameServer|Win32.ActiveCfg = DebugGameServer|Win32
		{43023FA4-C7C9-40FB-80C7-FE6DE3C7F7CA}.DebugGameServer|Win32.Build.0 = DebugGameServer|Win32
		{43023FA4-C7C9-40FB-80C7-FE6DE3C7F7CA}.DebugGameServer|x64.ActiveCfg = DebugGameServer|x64
		{43023FA4-C7C9-40FB-80C7-FE6DE3C7F7CA}.DebugGameServer|x64.Build.0 = DebugGameServer|x64
		{43023FA4-C7C9-40FB-80C7-FE6DE3C7F7CA}.DeBugLobby|Win32.ActiveCfg = DeBugChat|x64
		{43023FA4-C7C9-40FB-80C7-FE6DE3C7F7CA}.DeBugLobby|x64.ActiveCfg = DeBugChat|x64
		{43023FA4-C7C9-40FB-80C7-FE6DE3C7F7CA}.DeBugLobby|x64.Build.0 = DeBugChat|x64
		{43023FA4-C7C9-40FB-80C7-FE6DE3C7F7CA}.DebugRoleDB|Win32.ActiveCfg = DeBugChat|x64
		{43023FA4-C7C9-40FB-80C7-FE6DE3C7F7CA}.DebugRoleDB|x64.ActiveCfg = DeBugChat|x64
		{43023FA4-C7C9-40FB-80C7-FE6DE3C7F7CA}.DebugRoleDB|x64.Build.0 = DeBugChat|x64
		{43023FA4-C7C9-40FB-80C7-FE6DE3C7F7CA}.Release|Win32.ActiveCfg = Release|Win32
		{43023FA4-C7C9-40FB-80C7-FE6DE3C7F7CA}.Release|Win32.Build.0 = Release|Win32
		{43023FA4-C7C9-40FB-80C7-FE6DE3C7F7CA}.Release|x64.ActiveCfg = Release|x64
		{43023FA4-C7C9-40FB-80C7-FE6DE3C7F7CA}.Release|x64.Build.0 = Release|x64
		{43023FA4-C7C9-40FB-80C7-FE6DE3C7F7CA}.Release64|Win32.ActiveCfg = Release64MT|x64
		{43023FA4-C7C9-40FB-80C7-FE6DE3C7F7CA}.Release64|x64.ActiveCfg = Release64MT|x64
		{43023FA4-C7C9-40FB-80C7-FE6DE3C7F7CA}.Release64|x64.Build.0 = Release64MT|x64
		{43023FA4-C7C9-40FB-80C7-FE6DE3C7F7CA}.Release64MT|Win32.ActiveCfg = Release64MT|Win32
		{43023FA4-C7C9-40FB-80C7-FE6DE3C7F7CA}.Release64MT|Win32.Build.0 = Release64MT|Win32
		{43023FA4-C7C9-40FB-80C7-FE6DE3C7F7CA}.Release64MT|x64.ActiveCfg = Release64MT|x64
		{43023FA4-C7C9-40FB-80C7-FE6DE3C7F7CA}.Release64MT|x64.Build.0 = Release64MT|x64
		{43023FA4-C7C9-40FB-80C7-FE6DE3C7F7CA}.ReleaseMT_Chat|Win32.ActiveCfg = ReleaseMT_Chat|Win32
		{43023FA4-C7C9-40FB-80C7-FE6DE3C7F7CA}.ReleaseMT_Chat|Win32.Build.0 = ReleaseMT_Chat|Win32
		{43023FA4-C7C9-40FB-80C7-FE6DE3C7F7CA}.ReleaseMT_Chat|x64.ActiveCfg = ReleaseMT_Chat|x64
		{43023FA4-C7C9-40FB-80C7-FE6DE3C7F7CA}.ReleaseMT_Chat|x64.Build.0 = ReleaseMT_Chat|x64
		{43023FA4-C7C9-40FB-80C7-FE6DE3C7F7CA}.ReleaseMT_GS|Win32.ActiveCfg = ReleaseMT_GS|Win32
		{43023FA4-C7C9-40FB-80C7-FE6DE3C7F7CA}.ReleaseMT_GS|Win32.Build.0 = ReleaseMT_GS|Win32
		{43023FA4-C7C9-40FB-80C7-FE6DE3C7F7CA}.ReleaseMT_GS|x64.ActiveCfg = ReleaseMT_GS|x64
		{43023FA4-C7C9-40FB-80C7-FE6DE3C7F7CA}.ReleaseMT_GS|x64.Build.0 = ReleaseMT_GS|x64
		{43023FA4-C7C9-40FB-80C7-FE6DE3C7F7CA}.ReleaseMT_Lobby|Win32.ActiveCfg = ReleaseMT_Lobby|Win32
		{43023FA4-C7C9-40FB-80C7-FE6DE3C7F7CA}.ReleaseMT_Lobby|Win32.Build.0 = ReleaseMT_Lobby|Win32
		{43023FA4-C7C9-40FB-80C7-FE6DE3C7F7CA}.ReleaseMT_Lobby|x64.ActiveCfg = ReleaseMT_Lobby|x64
		{43023FA4-C7C9-40FB-80C7-FE6DE3C7F7CA}.ReleaseMT_Lobby|x64.Build.0 = ReleaseMT_Lobby|x64
		{43023FA4-C7C9-40FB-80C7-FE6DE3C7F7CA}.ReleaseMT|Win32.ActiveCfg = ReleaseMT|Win32
		{43023FA4-C7C9-40FB-80C7-FE6DE3C7F7CA}.ReleaseMT|Win32.Build.0 = ReleaseMT|Win32
		{43023FA4-C7C9-40FB-80C7-FE6DE3C7F7CA}.ReleaseMT|x64.ActiveCfg = ReleaseMT|x64
		{43023FA4-C7C9-40FB-80C7-FE6DE3C7F7CA}.ReleaseMT|x64.Build.0 = ReleaseMT|x64
	EndGlobalSection
	GlobalSection(SolutionProperties) = preSolution
		HideSolutionNode = FALSE
	EndGlobalSection
EndGlobal
