<?xml version="1.0" encoding="utf-8"?>
<Project ToolsVersion="4.0" xmlns="http://schemas.microsoft.com/developer/msbuild/2003">
  <ItemGroup>
    <Filter Include="Source Files">
      <UniqueIdentifier>{4FC737F1-C7A5-4376-A066-2A32D752A2FF}</UniqueIdentifier>
      <Extensions>cpp;c;cc;cxx;def;odl;idl;hpj;bat;asm;asmx</Extensions>
    </Filter>
    <Filter Include="Header Files">
      <UniqueIdentifier>{93995380-89BD-4b04-88EB-625FBE52EBFB}</UniqueIdentifier>
      <Extensions>h;hpp;hxx;hm;inl;inc;xsd</Extensions>
    </Filter>
  </ItemGroup>
  <ItemGroup>
    <ClInclude Include="VChat.h">
      <Filter>Header Files</Filter>
    </ClInclude>
    <ClInclude Include="VUserManager.h">
      <Filter>Header Files</Filter>
    </ClInclude>
    <ClInclude Include="VChatPacket.h">
      <Filter>Header Files</Filter>
    </ClInclude>
    <ClInclude Include="VChatPacketImpl.h">
      <Filter>Header Files</Filter>
    </ClInclude>
    <ClInclude Include="VChatProcessPacketManager.h">
      <Filter>Header Files</Filter>
    </ClInclude>
    <ClInclude Include="VChatRoom.h">
      <Filter>Header Files</Filter>
    </ClInclude>
    <ClInclude Include="VChatRoomManager.h">
      <Filter>Header Files</Filter>
    </ClInclude>
    <ClInclude Include="VChatUser.h">
      <Filter>Header Files</Filter>
    </ClInclude>
    <ClInclude Include="VChatUserFwd.h">
      <Filter>Header Files</Filter>
    </ClInclude>
    <ClInclude Include="VChatUtility.h">
      <Filter>Header Files</Filter>
    </ClInclude>
    <ClInclude Include="VConfigureManager.h">
      <Filter>Header Files</Filter>
    </ClInclude>
    <ClInclude Include="VNetworkProcessPacketManager.h">
      <Filter>Header Files</Filter>
    </ClInclude>
    <ClInclude Include="VSystemManager.h">
      <Filter>Header Files</Filter>
    </ClInclude>
  </ItemGroup>
  <ItemGroup>
    <ClCompile Include="VChatProcessPacketManager.cpp">
      <Filter>Source Files</Filter>
    </ClCompile>
    <ClCompile Include="VChatRoom.cpp">
      <Filter>Source Files</Filter>
    </ClCompile>
    <ClCompile Include="VChatUser.cpp">
      <Filter>Source Files</Filter>
    </ClCompile>
    <ClCompile Include="VConfigureManager.cpp">
      <Filter>Source Files</Filter>
    </ClCompile>
    <ClCompile Include="VNetworkProcessPacketManager.cpp">
      <Filter>Source Files</Filter>
    </ClCompile>
    <ClCompile Include="VSystemManager.cpp">
      <Filter>Source Files</Filter>
    </ClCompile>
    <ClCompile Include="VUserManager.cpp">
      <Filter>Source Files</Filter>
    </ClCompile>
  </ItemGroup>
</Project>